// !$*UTF8*$!
{
	archiveVersion = 1;
	classes = {
	};
	objectVersion = 52;
	objects = {

/* Begin PBXBuildFile section */
		257D2975242768E10080D58F /* ViewController.swift in Sources */ = {isa = PBXBuildFile; fileRef = 257D2974242768E10080D58F /* ViewController.swift */; };
		257D2978242783760080D58F /* Preferences in Frameworks */ = {isa = PBXBuildFile; productRef = 257D2977242783760080D58F /* Preferences */; };
		257D297A242783B50080D58F /* GeneralPreferenceViewController.swift in Sources */ = {isa = PBXBuildFile; fileRef = 257D2979242783B50080D58F /* GeneralPreferenceViewController.swift */; };
		257D297C242785150080D58F /* GeneralPreferenceViewController.xib in Resources */ = {isa = PBXBuildFile; fileRef = 257D297B242785150080D58F /* GeneralPreferenceViewController.xib */; };
		25B0F0962424C0AB00064FF7 /* AppDelegate.swift in Sources */ = {isa = PBXBuildFile; fileRef = 25B0F0952424C0AB00064FF7 /* AppDelegate.swift */; };
		25B0F09A2424C0AC00064FF7 /* Assets.xcassets in Resources */ = {isa = PBXBuildFile; fileRef = 25B0F0992424C0AC00064FF7 /* Assets.xcassets */; };
		25B0F09D2424C0AC00064FF7 /* Preview Assets.xcassets in Resources */ = {isa = PBXBuildFile; fileRef = 25B0F09C2424C0AC00064FF7 /* Preview Assets.xcassets */; };
		25B0F0A02424C0AC00064FF7 /* Main.storyboard in Resources */ = {isa = PBXBuildFile; fileRef = 25B0F09E2424C0AC00064FF7 /* Main.storyboard */; };
		25B0F0AC2424C0AD00064FF7 /* WaniKaniNotifierTests.swift in Sources */ = {isa = PBXBuildFile; fileRef = 25B0F0AB2424C0AD00064FF7 /* WaniKaniNotifierTests.swift */; };
		25B0F0B72424C0AD00064FF7 /* WaniKaniNotifierUITests.swift in Sources */ = {isa = PBXBuildFile; fileRef = 25B0F0B62424C0AD00064FF7 /* WaniKaniNotifierUITests.swift */; };
/* End PBXBuildFile section */

/* Begin PBXContainerItemProxy section */
		25B0F0A82424C0AD00064FF7 /* PBXContainerItemProxy */ = {
			isa = PBXContainerItemProxy;
			containerPortal = 25B0F08A2424C0AB00064FF7 /* Project object */;
			proxyType = 1;
			remoteGlobalIDString = 25B0F0912424C0AB00064FF7;
			remoteInfo = WaniKaniNotifier;
		};
		25B0F0B32424C0AD00064FF7 /* PBXContainerItemProxy */ = {
			isa = PBXContainerItemProxy;
			containerPortal = 25B0F08A2424C0AB00064FF7 /* Project object */;
			proxyType = 1;
			remoteGlobalIDString = 25B0F0912424C0AB00064FF7;
			remoteInfo = WaniKaniNotifier;
		};
/* End PBXContainerItemProxy section */

/* Begin PBXFileReference section */
		257D2974242768E10080D58F /* ViewController.swift */ = {isa = PBXFileReference; lastKnownFileType = sourcecode.swift; path = ViewController.swift; sourceTree = "<group>"; };
		257D2979242783B50080D58F /* GeneralPreferenceViewController.swift */ = {isa = PBXFileReference; lastKnownFileType = sourcecode.swift; path = GeneralPreferenceViewController.swift; sourceTree = "<group>"; };
		257D297B242785150080D58F /* GeneralPreferenceViewController.xib */ = {isa = PBXFileReference; lastKnownFileType = file.xib; path = GeneralPreferenceViewController.xib; sourceTree = "<group>"; };
		25B0F0922424C0AB00064FF7 /* WaniKaniNotifier.app */ = {isa = PBXFileReference; explicitFileType = wrapper.application; includeInIndex = 0; path = WaniKaniNotifier.app; sourceTree = BUILT_PRODUCTS_DIR; };
		25B0F0952424C0AB00064FF7 /* AppDelegate.swift */ = {isa = PBXFileReference; lastKnownFileType = sourcecode.swift; path = AppDelegate.swift; sourceTree = "<group>"; };
		25B0F0992424C0AC00064FF7 /* Assets.xcassets */ = {isa = PBXFileReference; lastKnownFileType = folder.assetcatalog; path = Assets.xcassets; sourceTree = "<group>"; };
		25B0F09C2424C0AC00064FF7 /* Preview Assets.xcassets */ = {isa = PBXFileReference; lastKnownFileType = folder.assetcatalog; path = "Preview Assets.xcassets"; sourceTree = "<group>"; };
		25B0F09F2424C0AC00064FF7 /* Base */ = {isa = PBXFileReference; lastKnownFileType = file.storyboard; name = Base; path = Base.lproj/Main.storyboard; sourceTree = "<group>"; };
		25B0F0A12424C0AC00064FF7 /* Info.plist */ = {isa = PBXFileReference; lastKnownFileType = text.plist.xml; path = Info.plist; sourceTree = "<group>"; };
		25B0F0A22424C0AC00064FF7 /* WaniKaniNotifier.entitlements */ = {isa = PBXFileReference; lastKnownFileType = text.plist.entitlements; path = WaniKaniNotifier.entitlements; sourceTree = "<group>"; };
		25B0F0A72424C0AD00064FF7 /* WaniKaniNotifierTests.xctest */ = {isa = PBXFileReference; explicitFileType = wrapper.cfbundle; includeInIndex = 0; path = WaniKaniNotifierTests.xctest; sourceTree = BUILT_PRODUCTS_DIR; };
		25B0F0AB2424C0AD00064FF7 /* WaniKaniNotifierTests.swift */ = {isa = PBXFileReference; lastKnownFileType = sourcecode.swift; path = WaniKaniNotifierTests.swift; sourceTree = "<group>"; };
		25B0F0AD2424C0AD00064FF7 /* Info.plist */ = {isa = PBXFileReference; lastKnownFileType = text.plist.xml; path = Info.plist; sourceTree = "<group>"; };
		25B0F0B22424C0AD00064FF7 /* WaniKaniNotifierUITests.xctest */ = {isa = PBXFileReference; explicitFileType = wrapper.cfbundle; includeInIndex = 0; path = WaniKaniNotifierUITests.xctest; sourceTree = BUILT_PRODUCTS_DIR; };
		25B0F0B62424C0AD00064FF7 /* WaniKaniNotifierUITests.swift */ = {isa = PBXFileReference; lastKnownFileType = sourcecode.swift; path = WaniKaniNotifierUITests.swift; sourceTree = "<group>"; };
		25B0F0B82424C0AD00064FF7 /* Info.plist */ = {isa = PBXFileReference; lastKnownFileType = text.plist.xml; path = Info.plist; sourceTree = "<group>"; };
/* End PBXFileReference section */

/* Begin PBXFrameworksBuildPhase section */
		25B0F08F2424C0AB00064FF7 /* Frameworks */ = {
			isa = PBXFrameworksBuildPhase;
			buildActionMask = 2147483647;
			files = (
				257D2978242783760080D58F /* Preferences in Frameworks */,
			);
			runOnlyForDeploymentPostprocessing = 0;
		};
		25B0F0A42424C0AD00064FF7 /* Frameworks */ = {
			isa = PBXFrameworksBuildPhase;
			buildActionMask = 2147483647;
			files = (
			);
			runOnlyForDeploymentPostprocessing = 0;
		};
		25B0F0AF2424C0AD00064FF7 /* Frameworks */ = {
			isa = PBXFrameworksBuildPhase;
			buildActionMask = 2147483647;
			files = (
			);
			runOnlyForDeploymentPostprocessing = 0;
		};
/* End PBXFrameworksBuildPhase section */

/* Begin PBXGroup section */
		25B0F0892424C0AB00064FF7 = {
			isa = PBXGroup;
			children = (
				25B0F0942424C0AB00064FF7 /* WaniKaniNotifier */,
				25B0F0AA2424C0AD00064FF7 /* WaniKaniNotifierTests */,
				25B0F0B52424C0AD00064FF7 /* WaniKaniNotifierUITests */,
				25B0F0932424C0AB00064FF7 /* Products */,
			);
			sourceTree = "<group>";
		};
		25B0F0932424C0AB00064FF7 /* Products */ = {
			isa = PBXGroup;
			children = (
				25B0F0922424C0AB00064FF7 /* WaniKaniNotifier.app */,
				25B0F0A72424C0AD00064FF7 /* WaniKaniNotifierTests.xctest */,
				25B0F0B22424C0AD00064FF7 /* WaniKaniNotifierUITests.xctest */,
			);
			name = Products;
			sourceTree = "<group>";
		};
		25B0F0942424C0AB00064FF7 /* WaniKaniNotifier */ = {
			isa = PBXGroup;
			children = (
				25B0F0952424C0AB00064FF7 /* AppDelegate.swift */,
				257D2974242768E10080D58F /* ViewController.swift */,
				25B0F0992424C0AC00064FF7 /* Assets.xcassets */,
				25B0F09E2424C0AC00064FF7 /* Main.storyboard */,
				25B0F0A12424C0AC00064FF7 /* Info.plist */,
				25B0F0A22424C0AC00064FF7 /* WaniKaniNotifier.entitlements */,
				25B0F09B2424C0AC00064FF7 /* Preview Content */,
				257D2979242783B50080D58F /* GeneralPreferenceViewController.swift */,
				257D297B242785150080D58F /* GeneralPreferenceViewController.xib */,
			);
			path = WaniKaniNotifier;
			sourceTree = "<group>";
		};
		25B0F09B2424C0AC00064FF7 /* Preview Content */ = {
			isa = PBXGroup;
			children = (
				25B0F09C2424C0AC00064FF7 /* Preview Assets.xcassets */,
			);
			path = "Preview Content";
			sourceTree = "<group>";
		};
		25B0F0AA2424C0AD00064FF7 /* WaniKaniNotifierTests */ = {
			isa = PBXGroup;
			children = (
				25B0F0AB2424C0AD00064FF7 /* WaniKaniNotifierTests.swift */,
				25B0F0AD2424C0AD00064FF7 /* Info.plist */,
			);
			path = WaniKaniNotifierTests;
			sourceTree = "<group>";
		};
		25B0F0B52424C0AD00064FF7 /* WaniKaniNotifierUITests */ = {
			isa = PBXGroup;
			children = (
				25B0F0B62424C0AD00064FF7 /* WaniKaniNotifierUITests.swift */,
				25B0F0B82424C0AD00064FF7 /* Info.plist */,
			);
			path = WaniKaniNotifierUITests;
			sourceTree = "<group>";
		};
/* End PBXGroup section */

/* Begin PBXNativeTarget section */
		25B0F0912424C0AB00064FF7 /* WaniKaniNotifier */ = {
			isa = PBXNativeTarget;
			buildConfigurationList = 25B0F0BB2424C0AD00064FF7 /* Build configuration list for PBXNativeTarget "WaniKaniNotifier" */;
			buildPhases = (
				25B0F08E2424C0AB00064FF7 /* Sources */,
				25B0F08F2424C0AB00064FF7 /* Frameworks */,
				25B0F0902424C0AB00064FF7 /* Resources */,
			);
			buildRules = (
			);
			dependencies = (
			);
			name = WaniKaniNotifier;
			packageProductDependencies = (
				257D2977242783760080D58F /* Preferences */,
			);
			productName = WaniKaniNotifier;
			productReference = 25B0F0922424C0AB00064FF7 /* WaniKaniNotifier.app */;
			productType = "com.apple.product-type.application";
		};
		25B0F0A62424C0AD00064FF7 /* WaniKaniNotifierTests */ = {
			isa = PBXNativeTarget;
			buildConfigurationList = 25B0F0BE2424C0AD00064FF7 /* Build configuration list for PBXNativeTarget "WaniKaniNotifierTests" */;
			buildPhases = (
				25B0F0A32424C0AD00064FF7 /* Sources */,
				25B0F0A42424C0AD00064FF7 /* Frameworks */,
				25B0F0A52424C0AD00064FF7 /* Resources */,
			);
			buildRules = (
			);
			dependencies = (
				25B0F0A92424C0AD00064FF7 /* PBXTargetDependency */,
			);
			name = WaniKaniNotifierTests;
			productName = WaniKaniNotifierTests;
			productReference = 25B0F0A72424C0AD00064FF7 /* WaniKaniNotifierTests.xctest */;
			productType = "com.apple.product-type.bundle.unit-test";
		};
		25B0F0B12424C0AD00064FF7 /* WaniKaniNotifierUITests */ = {
			isa = PBXNativeTarget;
			buildConfigurationList = 25B0F0C12424C0AD00064FF7 /* Build configuration list for PBXNativeTarget "WaniKaniNotifierUITests" */;
			buildPhases = (
				25B0F0AE2424C0AD00064FF7 /* Sources */,
				25B0F0AF2424C0AD00064FF7 /* Frameworks */,
				25B0F0B02424C0AD00064FF7 /* Resources */,
			);
			buildRules = (
			);
			dependencies = (
				25B0F0B42424C0AD00064FF7 /* PBXTargetDependency */,
			);
			name = WaniKaniNotifierUITests;
			productName = WaniKaniNotifierUITests;
			productReference = 25B0F0B22424C0AD00064FF7 /* WaniKaniNotifierUITests.xctest */;
			productType = "com.apple.product-type.bundle.ui-testing";
		};
/* End PBXNativeTarget section */

/* Begin PBXProject section */
		25B0F08A2424C0AB00064FF7 /* Project object */ = {
			isa = PBXProject;
			attributes = {
				LastSwiftUpdateCheck = 1130;
				LastUpgradeCheck = 1130;
				ORGANIZATIONNAME = "Bulkan Evcimen";
				TargetAttributes = {
					25B0F0912424C0AB00064FF7 = {
						CreatedOnToolsVersion = 11.3.1;
					};
					25B0F0A62424C0AD00064FF7 = {
						CreatedOnToolsVersion = 11.3.1;
						TestTargetID = 25B0F0912424C0AB00064FF7;
					};
					25B0F0B12424C0AD00064FF7 = {
						CreatedOnToolsVersion = 11.3.1;
						TestTargetID = 25B0F0912424C0AB00064FF7;
					};
				};
			};
			buildConfigurationList = 25B0F08D2424C0AB00064FF7 /* Build configuration list for PBXProject "WaniKaniNotifier" */;
			compatibilityVersion = "Xcode 9.3";
			developmentRegion = en;
			hasScannedForEncodings = 0;
			knownRegions = (
				en,
				Base,
			);
			mainGroup = 25B0F0892424C0AB00064FF7;
			packageReferences = (
				257D2976242783760080D58F /* XCRemoteSwiftPackageReference "Preferences" */,
			);
			productRefGroup = 25B0F0932424C0AB00064FF7 /* Products */;
			projectDirPath = "";
			projectRoot = "";
			targets = (
				25B0F0912424C0AB00064FF7 /* WaniKaniNotifier */,
				25B0F0A62424C0AD00064FF7 /* WaniKaniNotifierTests */,
				25B0F0B12424C0AD00064FF7 /* WaniKaniNotifierUITests */,
			);
		};
/* End PBXProject section */

/* Begin PBXResourcesBuildPhase section */
		25B0F0902424C0AB00064FF7 /* Resources */ = {
			isa = PBXResourcesBuildPhase;
			buildActionMask = 2147483647;
			files = (
				25B0F0A02424C0AC00064FF7 /* Main.storyboard in Resources */,
				257D297C242785150080D58F /* GeneralPreferenceViewController.xib in Resources */,
				25B0F09D2424C0AC00064FF7 /* Preview Assets.xcassets in Resources */,
				25B0F09A2424C0AC00064FF7 /* Assets.xcassets in Resources */,
			);
			runOnlyForDeploymentPostprocessing = 0;
		};
		25B0F0A52424C0AD00064FF7 /* Resources */ = {
			isa = PBXResourcesBuildPhase;
			buildActionMask = 2147483647;
			files = (
			);
			runOnlyForDeploymentPostprocessing = 0;
		};
		25B0F0B02424C0AD00064FF7 /* Resources */ = {
			isa = PBXResourcesBuildPhase;
			buildActionMask = 2147483647;
			files = (
			);
			runOnlyForDeploymentPostprocessing = 0;
		};
/* End PBXResourcesBuildPhase section */

/* Begin PBXSourcesBuildPhase section */
		25B0F08E2424C0AB00064FF7 /* Sources */ = {
			isa = PBXSourcesBuildPhase;
			buildActionMask = 2147483647;
			files = (
				25B0F0962424C0AB00064FF7 /* AppDelegate.swift in Sources */,
				257D2975242768E10080D58F /* ViewController.swift in Sources */,
				257D297A242783B50080D58F /* GeneralPreferenceViewController.swift in Sources */,
			);
			runOnlyForDeploymentPostprocessing = 0;
		};
		25B0F0A32424C0AD00064FF7 /* Sources */ = {
			isa = PBXSourcesBuildPhase;
			buildActionMask = 2147483647;
			files = (
				25B0F0AC2424C0AD00064FF7 /* WaniKaniNotifierTests.swift in Sources */,
			);
			runOnlyForDeploymentPostprocessing = 0;
		};
		25B0F0AE2424C0AD00064FF7 /* Sources */ = {
			isa = PBXSourcesBuildPhase;
			buildActionMask = 2147483647;
			files = (
				25B0F0B72424C0AD00064FF7 /* WaniKaniNotifierUITests.swift in Sources */,
			);
			runOnlyForDeploymentPostprocessing = 0;
		};
/* End PBXSourcesBuildPhase section */

/* Begin PBXTargetDependency section */
		25B0F0A92424C0AD00064FF7 /* PBXTargetDependency */ = {
			isa = PBXTargetDependency;
			target = 25B0F0912424C0AB00064FF7 /* WaniKaniNotifier */;
			targetProxy = 25B0F0A82424C0AD00064FF7 /* PBXContainerItemProxy */;
		};
		25B0F0B42424C0AD00064FF7 /* PBXTargetDependency */ = {
			isa = PBXTargetDependency;
			target = 25B0F0912424C0AB00064FF7 /* WaniKaniNotifier */;
			targetProxy = 25B0F0B32424C0AD00064FF7 /* PBXContainerItemProxy */;
		};
/* End PBXTargetDependency section */

/* Begin PBXVariantGroup section */
		25B0F09E2424C0AC00064FF7 /* Main.storyboard */ = {
			isa = PBXVariantGroup;
			children = (
				25B0F09F2424C0AC00064FF7 /* Base */,
			);
			name = Main.storyboard;
			sourceTree = "<group>";
		};
/* End PBXVariantGroup section */

/* Begin XCBuildConfiguration section */
		25B0F0B92424C0AD00064FF7 /* Debug */ = {
			isa = XCBuildConfiguration;
			buildSettings = {
				ALWAYS_SEARCH_USER_PATHS = NO;
				CLANG_ANALYZER_NONNULL = YES;
				CLANG_ANALYZER_NUMBER_OBJECT_CONVERSION = YES_AGGRESSIVE;
				CLANG_CXX_LANGUAGE_STANDARD = "gnu++14";
				CLANG_CXX_LIBRARY = "libc++";
				CLANG_ENABLE_MODULES = YES;
				CLANG_ENABLE_OBJC_ARC = YES;
				CLANG_ENABLE_OBJC_WEAK = YES;
				CLANG_WARN_BLOCK_CAPTURE_AUTORELEASING = YES;
				CLANG_WARN_BOOL_CONVERSION = YES;
				CLANG_WARN_COMMA = YES;
				CLANG_WARN_CONSTANT_CONVERSION = YES;
				CLANG_WARN_DEPRECATED_OBJC_IMPLEMENTATIONS = YES;
				CLANG_WARN_DIRECT_OBJC_ISA_USAGE = YES_ERROR;
				CLANG_WARN_DOCUMENTATION_COMMENTS = YES;
				CLANG_WARN_EMPTY_BODY = YES;
				CLANG_WARN_ENUM_CONVERSION = YES;
				CLANG_WARN_INFINITE_RECURSION = YES;
				CLANG_WARN_INT_CONVERSION = YES;
				CLANG_WARN_NON_LITERAL_NULL_CONVERSION = YES;
				CLANG_WARN_OBJC_IMPLICIT_RETAIN_SELF = YES;
				CLANG_WARN_OBJC_LITERAL_CONVERSION = YES;
				CLANG_WARN_OBJC_ROOT_CLASS = YES_ERROR;
				CLANG_WARN_RANGE_LOOP_ANALYSIS = YES;
				CLANG_WARN_STRICT_PROTOTYPES = YES;
				CLANG_WARN_SUSPICIOUS_MOVE = YES;
				CLANG_WARN_UNGUARDED_AVAILABILITY = YES_AGGRESSIVE;
				CLANG_WARN_UNREACHABLE_CODE = YES;
				CLANG_WARN__DUPLICATE_METHOD_MATCH = YES;
				COPY_PHASE_STRIP = NO;
				DEBUG_INFORMATION_FORMAT = dwarf;
				ENABLE_STRICT_OBJC_MSGSEND = YES;
				ENABLE_TESTABILITY = YES;
				GCC_C_LANGUAGE_STANDARD = gnu11;
				GCC_DYNAMIC_NO_PIC = NO;
				GCC_NO_COMMON_BLOCKS = YES;
				GCC_OPTIMIZATION_LEVEL = 0;
				GCC_PREPROCESSOR_DEFINITIONS = (
					"DEBUG=1",
					"$(inherited)",
				);
				GCC_WARN_64_TO_32_BIT_CONVERSION = YES;
				GCC_WARN_ABOUT_RETURN_TYPE = YES_ERROR;
				GCC_WARN_UNDECLARED_SELECTOR = YES;
				GCC_WARN_UNINITIALIZED_AUTOS = YES_AGGRESSIVE;
				GCC_WARN_UNUSED_FUNCTION = YES;
				GCC_WARN_UNUSED_VARIABLE = YES;
				MACOSX_DEPLOYMENT_TARGET = 10.15;
				MTL_ENABLE_DEBUG_INFO = INCLUDE_SOURCE;
				MTL_FAST_MATH = YES;
				ONLY_ACTIVE_ARCH = YES;
				SDKROOT = macosx;
				SWIFT_ACTIVE_COMPILATION_CONDITIONS = DEBUG;
				SWIFT_OPTIMIZATION_LEVEL = "-Onone";
			};
			name = Debug;
		};
		25B0F0BA2424C0AD00064FF7 /* Release */ = {
			isa = XCBuildConfiguration;
			buildSettings = {
				ALWAYS_SEARCH_USER_PATHS = NO;
				CLANG_ANALYZER_NONNULL = YES;
				CLANG_ANALYZER_NUMBER_OBJECT_CONVERSION = YES_AGGRESSIVE;
				CLANG_CXX_LANGUAGE_STANDARD = "gnu++14";
				CLANG_CXX_LIBRARY = "libc++";
				CLANG_ENABLE_MODULES = YES;
				CLANG_ENABLE_OBJC_ARC = YES;
				CLANG_ENABLE_OBJC_WEAK = YES;
				CLANG_WARN_BLOCK_CAPTURE_AUTORELEASING = YES;
				CLANG_WARN_BOOL_CONVERSION = YES;
				CLANG_WARN_COMMA = YES;
				CLANG_WARN_CONSTANT_CONVERSION = YES;
				CLANG_WARN_DEPRECATED_OBJC_IMPLEMENTATIONS = YES;
				CLANG_WARN_DIRECT_OBJC_ISA_USAGE = YES_ERROR;
				CLANG_WARN_DOCUMENTATION_COMMENTS = YES;
				CLANG_WARN_EMPTY_BODY = YES;
				CLANG_WARN_ENUM_CONVERSION = YES;
				CLANG_WARN_INFINITE_RECURSION = YES;
				CLANG_WARN_INT_CONVERSION = YES;
				CLANG_WARN_NON_LITERAL_NULL_CONVERSION = YES;
				CLANG_WARN_OBJC_IMPLICIT_RETAIN_SELF = YES;
				CLANG_WARN_OBJC_LITERAL_CONVERSION = YES;
				CLANG_WARN_OBJC_ROOT_CLASS = YES_ERROR;
				CLANG_WARN_RANGE_LOOP_ANALYSIS = YES;
				CLANG_WARN_STRICT_PROTOTYPES = YES;
				CLANG_WARN_SUSPICIOUS_MOVE = YES;
				CLANG_WARN_UNGUARDED_AVAILABILITY = YES_AGGRESSIVE;
				CLANG_WARN_UNREACHABLE_CODE = YES;
				CLANG_WARN__DUPLICATE_METHOD_MATCH = YES;
				COPY_PHASE_STRIP = NO;
				DEBUG_INFORMATION_FORMAT = "dwarf-with-dsym";
				ENABLE_NS_ASSERTIONS = NO;
				ENABLE_STRICT_OBJC_MSGSEND = YES;
				GCC_C_LANGUAGE_STANDARD = gnu11;
				GCC_NO_COMMON_BLOCKS = YES;
				GCC_WARN_64_TO_32_BIT_CONVERSION = YES;
				GCC_WARN_ABOUT_RETURN_TYPE = YES_ERROR;
				GCC_WARN_UNDECLARED_SELECTOR = YES;
				GCC_WARN_UNINITIALIZED_AUTOS = YES_AGGRESSIVE;
				GCC_WARN_UNUSED_FUNCTION = YES;
				GCC_WARN_UNUSED_VARIABLE = YES;
				MACOSX_DEPLOYMENT_TARGET = 10.15;
				MTL_ENABLE_DEBUG_INFO = NO;
				MTL_FAST_MATH = YES;
				SDKROOT = macosx;
				SWIFT_COMPILATION_MODE = wholemodule;
				SWIFT_OPTIMIZATION_LEVEL = "-O";
			};
			name = Release;
		};
		25B0F0BC2424C0AD00064FF7 /* Debug */ = {
			isa = XCBuildConfiguration;
			buildSettings = {
				ASSETCATALOG_COMPILER_APPICON_NAME = AppIcon;
				CODE_SIGN_ENTITLEMENTS = WaniKaniNotifier/WaniKaniNotifier.entitlements;
				CODE_SIGN_STYLE = Automatic;
				COMBINE_HIDPI_IMAGES = YES;
				DEVELOPMENT_ASSET_PATHS = "\"WaniKaniNotifier/Preview Content\"";
				ENABLE_PREVIEWS = YES;
				INFOPLIST_FILE = WaniKaniNotifier/Info.plist;
				LD_RUNPATH_SEARCH_PATHS = (
					"$(inherited)",
					"@executable_path/../Frameworks",
				);
				MACOSX_DEPLOYMENT_TARGET = 10.15;
				PRODUCT_BUNDLE_IDENTIFIER = com.bulkan.WaniKaniNotifier;
				PRODUCT_NAME = "$(TARGET_NAME)";
				SWIFT_VERSION = 5.0;
			};
			name = Debug;
		};
		25B0F0BD2424C0AD00064FF7 /* Release */ = {
			isa = XCBuildConfiguration;
			buildSettings = {
				ASSETCATALOG_COMPILER_APPICON_NAME = AppIcon;
				CODE_SIGN_ENTITLEMENTS = WaniKaniNotifier/WaniKaniNotifier.entitlements;
				CODE_SIGN_STYLE = Automatic;
				COMBINE_HIDPI_IMAGES = YES;
				DEVELOPMENT_ASSET_PATHS = "\"WaniKaniNotifier/Preview Content\"";
				ENABLE_PREVIEWS = YES;
				INFOPLIST_FILE = WaniKaniNotifier/Info.plist;
				LD_RUNPATH_SEARCH_PATHS = (
					"$(inherited)",
					"@executable_path/../Frameworks",
				);
				MACOSX_DEPLOYMENT_TARGET = 10.15;
				PRODUCT_BUNDLE_IDENTIFIER = com.bulkan.WaniKaniNotifier;
				PRODUCT_NAME = "$(TARGET_NAME)";
				SWIFT_VERSION = 5.0;
			};
			name = Release;
		};
		25B0F0BF2424C0AD00064FF7 /* Debug */ = {
			isa = XCBuildConfiguration;
			buildSettings = {
				ALWAYS_EMBED_SWIFT_STANDARD_LIBRARIES = YES;
				BUNDLE_LOADER = "$(TEST_HOST)";
				CODE_SIGN_STYLE = Automatic;
				COMBINE_HIDPI_IMAGES = YES;
				INFOPLIST_FILE = WaniKaniNotifierTests/Info.plist;
				LD_RUNPATH_SEARCH_PATHS = (
					"$(inherited)",
					"@executable_path/../Frameworks",
					"@loader_path/../Frameworks",
				);
				MACOSX_DEPLOYMENT_TARGET = 10.15;
				PRODUCT_BUNDLE_IDENTIFIER = com.bulkan.WaniKaniNotifierTests;
				PRODUCT_NAME = "$(TARGET_NAME)";
				SWIFT_VERSION = 5.0;
				TEST_HOST = "$(BUILT_PRODUCTS_DIR)/WaniKaniNotifier.app/Contents/MacOS/WaniKaniNotifier";
			};
			name = Debug;
		};
		25B0F0C02424C0AD00064FF7 /* Release */ = {
			isa = XCBuildConfiguration;
			buildSettings = {
				ALWAYS_EMBED_SWIFT_STANDARD_LIBRARIES = YES;
				BUNDLE_LOADER = "$(TEST_HOST)";
				CODE_SIGN_STYLE = Automatic;
				COMBINE_HIDPI_IMAGES = YES;
				INFOPLIST_FILE = WaniKaniNotifierTests/Info.plist;
				LD_RUNPATH_SEARCH_PATHS = (
					"$(inherited)",
					"@executable_path/../Frameworks",
					"@loader_path/../Frameworks",
				);
				MACOSX_DEPLOYMENT_TARGET = 10.15;
				PRODUCT_BUNDLE_IDENTIFIER = com.bulkan.WaniKaniNotifierTests;
				PRODUCT_NAME = "$(TARGET_NAME)";
				SWIFT_VERSION = 5.0;
				TEST_HOST = "$(BUILT_PRODUCTS_DIR)/WaniKaniNotifier.app/Contents/MacOS/WaniKaniNotifier";
			};
			name = Release;
		};
		25B0F0C22424C0AD00064FF7 /* Debug */ = {
			isa = XCBuildConfiguration;
			buildSettings = {
				ALWAYS_EMBED_SWIFT_STANDARD_LIBRARIES = YES;
				CODE_SIGN_STYLE = Automatic;
				COMBINE_HIDPI_IMAGES = YES;
				INFOPLIST_FILE = WaniKaniNotifierUITests/Info.plist;
				LD_RUNPATH_SEARCH_PATHS = (
					"$(inherited)",
					"@executable_path/../Frameworks",
					"@loader_path/../Frameworks",
				);
				PRODUCT_BUNDLE_IDENTIFIER = com.bulkan.WaniKaniNotifierUITests;
				PRODUCT_NAME = "$(TARGET_NAME)";
				SWIFT_VERSION = 5.0;
				TEST_TARGET_NAME = WaniKaniNotifier;
			};
			name = Debug;
		};
		25B0F0C32424C0AD00064FF7 /* Release */ = {
			isa = XCBuildConfiguration;
			buildSettings = {
				ALWAYS_EMBED_SWIFT_STANDARD_LIBRARIES = YES;
				CODE_SIGN_STYLE = Automatic;
				COMBINE_HIDPI_IMAGES = YES;
				INFOPLIST_FILE = WaniKaniNotifierUITests/Info.plist;
				LD_RUNPATH_SEARCH_PATHS = (
					"$(inherited)",
					"@executable_path/../Frameworks",
					"@loader_path/../Frameworks",
				);
				PRODUCT_BUNDLE_IDENTIFIER = com.bulkan.WaniKaniNotifierUITests;
				PRODUCT_NAME = "$(TARGET_NAME)";
				SWIFT_VERSION = 5.0;
				TEST_TARGET_NAME = WaniKaniNotifier;
			};
			name = Release;
		};
/* End XCBuildConfiguration section */

/* Begin XCConfigurationList section */
		25B0F08D2424C0AB00064FF7 /* Build configuration list for PBXProject "WaniKaniNotifier" */ = {
			isa = XCConfigurationList;
			buildConfigurations = (
				25B0F0B92424C0AD00064FF7 /* Debug */,
				25B0F0BA2424C0AD00064FF7 /* Release */,
			);
			defaultConfigurationIsVisible = 0;
			defaultConfigurationName = Release;
		};
		25B0F0BB2424C0AD00064FF7 /* Build configuration list for PBXNativeTarget "WaniKaniNotifier" */ = {
			isa = XCConfigurationList;
			buildConfigurations = (
				25B0F0BC2424C0AD00064FF7 /* Debug */,
				25B0F0BD2424C0AD00064FF7 /* Release */,
			);
			defaultConfigurationIsVisible = 0;
			defaultConfigurationName = Release;
		};
		25B0F0BE2424C0AD00064FF7 /* Build configuration list for PBXNativeTarget "WaniKaniNotifierTests" */ = {
			isa = XCConfigurationList;
			buildConfigurations = (
				25B0F0BF2424C0AD00064FF7 /* Debug */,
				25B0F0C02424C0AD00064FF7 /* Release */,
			);
			defaultConfigurationIsVisible = 0;
			defaultConfigurationName = Release;
		};
		25B0F0C12424C0AD00064FF7 /* Build configuration list for PBXNativeTarget "WaniKaniNotifierUITests" */ = {
			isa = XCConfigurationList;
			buildConfigurations = (
				25B0F0C22424C0AD00064FF7 /* Debug */,
				25B0F0C32424C0AD00064FF7 /* Release */,
			);
			defaultConfigurationIsVisible = 0;
			defaultConfigurationName = Release;
		};
/* End XCConfigurationList section */

/* Begin XCRemoteSwiftPackageReference section */
		257D2976242783760080D58F /* XCRemoteSwiftPackageReference "Preferences" */ = {
			isa = XCRemoteSwiftPackageReference;
			repositoryURL = "https://github.com/sindresorhus/Preferences";
			requirement = {
				kind = upToNextMajorVersion;
				minimumVersion = 1.0.1;
			};
		};
/* End XCRemoteSwiftPackageReference section */

/* Begin XCSwiftPackageProductDependency section */
		257D2977242783760080D58F /* Preferences */ = {
			isa = XCSwiftPackageProductDependency;
			package = 257D2976242783760080D58F /* XCRemoteSwiftPackageReference "Preferences" */;
			productName = Preferences;
		};
/* End XCSwiftPackageProductDependency section */
	};
	rootObject = 25B0F08A2424C0AB00064FF7 /* Project object */;
}
